
Microsoft Visual Studio Solution File, Format Version 12.00
# Visual Studio Version 17
VisualStudioVersion = 17.8.34330.188
MinimumVisualStudioVersion = 10.0.40219.1
Project("{FAE04EC0-301F-11D3-BF4B-00C04F79EFBC}") = "Vamos&Sergy", "Vamos&Sergy\Vamos&Sergy.csproj", "{350509E2-5FA5-49FF-9B4C-0060A4944242}"
EndProject
Global
	GlobalSection(SolutionConfigurationPlatforms) = preSolution
		Debug|Any CPU = Debug|Any CPU
		Release|Any CPU = Release|Any CPU
	EndGlobalSection
	GlobalSection(ProjectConfigurationPlatforms) = postSolution
		{350509E2-5FA5-49FF-9B4C-0060A4944242}.Debug|Any CPU.ActiveCfg = Debug|Any CPU
		{350509E2-5FA5-49FF-9B4C-0060A4944242}.Debug|Any CPU.Build.0 = Debug|Any CPU
		{350509E2-5FA5-49FF-9B4C-0060A4944242}.Release|Any CPU.ActiveCfg = Release|Any CPU
		{350509E2-5FA5-49FF-9B4C-0060A4944242}.Release|Any CPU.Build.0 = Release|Any CPU
	EndGlobalSection
	GlobalSection(SolutionProperties) = preSolution
		HideSolutionNode = FALSE
	EndGlobalSection
	GlobalSection(ExtensibilityGlobals) = postSolution
		SolutionGuid = {E2F998B0-44B8-4B20-AFD6-B98AB7ACA754}
	EndGlobalSection
EndGlobal
